// !$*UTF8*$!
{
	archiveVersion = 1;
	classes = {
	};
	objectVersion = 50;
	objects = {

/* Begin PBXBuildFile section */
		2303DD0F20C5430000830261 /* NothingFound.xib in Resources */ = {isa = PBXBuildFile; fileRef = 2303DD0E20C5430000830261 /* NothingFound.xib */; };
		2303DD1120C54F0A00830261 /* LoadingCell.xib in Resources */ = {isa = PBXBuildFile; fileRef = 2303DD1020C54F0A00830261 /* LoadingCell.xib */; };
		2371992F20C88FB700DE07DC /* DateFormatter.swift in Sources */ = {isa = PBXBuildFile; fileRef = 2371992E20C88FB700DE07DC /* DateFormatter.swift */; };
		23D3B6DA20C0791700495A13 /* AppDelegate.swift in Sources */ = {isa = PBXBuildFile; fileRef = 23D3B6D920C0791700495A13 /* AppDelegate.swift */; };
		23D3B6DC20C0791700495A13 /* SearchViewController.swift in Sources */ = {isa = PBXBuildFile; fileRef = 23D3B6DB20C0791700495A13 /* SearchViewController.swift */; };
		23D3B6DF20C0791700495A13 /* Main.storyboard in Resources */ = {isa = PBXBuildFile; fileRef = 23D3B6DD20C0791700495A13 /* Main.storyboard */; };
		23D3B6E120C0791800495A13 /* Assets.xcassets in Resources */ = {isa = PBXBuildFile; fileRef = 23D3B6E020C0791800495A13 /* Assets.xcassets */; };
		23D3B6E420C0791800495A13 /* LaunchScreen.storyboard in Resources */ = {isa = PBXBuildFile; fileRef = 23D3B6E220C0791800495A13 /* LaunchScreen.storyboard */; };
		23D3B6EC20C07C6000495A13 /* MovieResults.swift in Sources */ = {isa = PBXBuildFile; fileRef = 23D3B6EB20C07C6000495A13 /* MovieResults.swift */; };
		23D3B6EE20C07F7500495A13 /* Search.swift in Sources */ = {isa = PBXBuildFile; fileRef = 23D3B6ED20C07F7500495A13 /* Search.swift */; };
		23D3B6F020C084CB00495A13 /* MovieCell.xib in Resources */ = {isa = PBXBuildFile; fileRef = 23D3B6EF20C084CB00495A13 /* MovieCell.xib */; };
		23D3B6F420C09D3200495A13 /* MovieCell.swift in Sources */ = {isa = PBXBuildFile; fileRef = 23D3B6F320C09D3200495A13 /* MovieCell.swift */; };
		23E6365420C4034F00323D30 /* UIImageView+Downloading.swift in Sources */ = {isa = PBXBuildFile; fileRef = 23E6365320C4034F00323D30 /* UIImageView+Downloading.swift */; };
		23E6365620C420A900323D30 /* DetailViewController.swift in Sources */ = {isa = PBXBuildFile; fileRef = 23E6365520C420A900323D30 /* DetailViewController.swift */; };
		922D3E92214BAFBB00BFE37B /* Genre.swift in Sources */ = {isa = PBXBuildFile; fileRef = 922D3E8D214BAFBB00BFE37B /* Genre.swift */; };
		922D3E93214BAFBB00BFE37B /* SearchGenre.swift in Sources */ = {isa = PBXBuildFile; fileRef = 922D3E8E214BAFBB00BFE37B /* SearchGenre.swift */; };
		922D3E94214BAFBB00BFE37B /* ListViewController.swift in Sources */ = {isa = PBXBuildFile; fileRef = 922D3E8F214BAFBB00BFE37B /* ListViewController.swift */; };
		922D3E95214BAFBB00BFE37B /* MovieResultsByGenre.swift in Sources */ = {isa = PBXBuildFile; fileRef = 922D3E90214BAFBB00BFE37B /* MovieResultsByGenre.swift */; };
		922D3E96214BAFBB00BFE37B /* SearchByGenre.swift in Sources */ = {isa = PBXBuildFile; fileRef = 922D3E91214BAFBB00BFE37B /* SearchByGenre.swift */; };
/* End PBXBuildFile section */

/* Begin PBXFileReference section */
		2303DD0E20C5430000830261 /* NothingFound.xib */ = {isa = PBXFileReference; lastKnownFileType = file.xib; path = NothingFound.xib; sourceTree = "<group>"; };
		2303DD1020C54F0A00830261 /* LoadingCell.xib */ = {isa = PBXFileReference; lastKnownFileType = file.xib; path = LoadingCell.xib; sourceTree = "<group>"; };
		2371992E20C88FB700DE07DC /* DateFormatter.swift */ = {isa = PBXFileReference; lastKnownFileType = sourcecode.swift; path = DateFormatter.swift; sourceTree = SOURCE_ROOT; };
		23D3B6D620C0791700495A13 /* Movie Search.app */ = {isa = PBXFileReference; explicitFileType = wrapper.application; includeInIndex = 0; path = "Movie Search.app"; sourceTree = BUILT_PRODUCTS_DIR; };
		23D3B6D920C0791700495A13 /* AppDelegate.swift */ = {isa = PBXFileReference; lastKnownFileType = sourcecode.swift; path = AppDelegate.swift; sourceTree = "<group>"; };
		23D3B6DB20C0791700495A13 /* SearchViewController.swift */ = {isa = PBXFileReference; lastKnownFileType = sourcecode.swift; path = SearchViewController.swift; sourceTree = "<group>"; };
		23D3B6DE20C0791700495A13 /* Base */ = {isa = PBXFileReference; lastKnownFileType = file.storyboard; name = Base; path = Base.lproj/Main.storyboard; sourceTree = "<group>"; };
		23D3B6E020C0791800495A13 /* Assets.xcassets */ = {isa = PBXFileReference; lastKnownFileType = folder.assetcatalog; path = Assets.xcassets; sourceTree = "<group>"; };
		23D3B6E320C0791800495A13 /* Base */ = {isa = PBXFileReference; lastKnownFileType = file.storyboard; name = Base; path = Base.lproj/LaunchScreen.storyboard; sourceTree = "<group>"; };
		23D3B6E520C0791800495A13 /* Info.plist */ = {isa = PBXFileReference; lastKnownFileType = text.plist.xml; path = Info.plist; sourceTree = "<group>"; };
		23D3B6EB20C07C6000495A13 /* MovieResults.swift */ = {isa = PBXFileReference; lastKnownFileType = sourcecode.swift; path = MovieResults.swift; sourceTree = "<group>"; };
		23D3B6ED20C07F7500495A13 /* Search.swift */ = {isa = PBXFileReference; lastKnownFileType = sourcecode.swift; path = Search.swift; sourceTree = "<group>"; };
		23D3B6EF20C084CB00495A13 /* MovieCell.xib */ = {isa = PBXFileReference; lastKnownFileType = file.xib; path = MovieCell.xib; sourceTree = "<group>"; };
		23D3B6F320C09D3200495A13 /* MovieCell.swift */ = {isa = PBXFileReference; lastKnownFileType = sourcecode.swift; path = MovieCell.swift; sourceTree = "<group>"; };
		23E6365320C4034F00323D30 /* UIImageView+Downloading.swift */ = {isa = PBXFileReference; lastKnownFileType = sourcecode.swift; path = "UIImageView+Downloading.swift"; sourceTree = "<group>"; };
		23E6365520C420A900323D30 /* DetailViewController.swift */ = {isa = PBXFileReference; lastKnownFileType = sourcecode.swift; path = DetailViewController.swift; sourceTree = "<group>"; };
		922D3E8D214BAFBB00BFE37B /* Genre.swift */ = {isa = PBXFileReference; fileEncoding = 4; lastKnownFileType = sourcecode.swift; path = Genre.swift; sourceTree = "<group>"; };
		922D3E8E214BAFBB00BFE37B /* SearchGenre.swift */ = {isa = PBXFileReference; fileEncoding = 4; lastKnownFileType = sourcecode.swift; path = SearchGenre.swift; sourceTree = "<group>"; };
		922D3E8F214BAFBB00BFE37B /* ListViewController.swift */ = {isa = PBXFileReference; fileEncoding = 4; lastKnownFileType = sourcecode.swift; path = ListViewController.swift; sourceTree = "<group>"; };
		922D3E90214BAFBB00BFE37B /* MovieResultsByGenre.swift */ = {isa = PBXFileReference; fileEncoding = 4; lastKnownFileType = sourcecode.swift; path = MovieResultsByGenre.swift; sourceTree = "<group>"; };
		922D3E91214BAFBB00BFE37B /* SearchByGenre.swift */ = {isa = PBXFileReference; fileEncoding = 4; lastKnownFileType = sourcecode.swift; path = SearchByGenre.swift; sourceTree = "<group>"; };
/* End PBXFileReference section */

/* Begin PBXFrameworksBuildPhase section */
		23D3B6D320C0791700495A13 /* Frameworks */ = {
			isa = PBXFrameworksBuildPhase;
			buildActionMask = 2147483647;
			files = (
			);
			runOnlyForDeploymentPostprocessing = 0;
		};
/* End PBXFrameworksBuildPhase section */

/* Begin PBXGroup section */
		23D3B6CD20C0791700495A13 = {
			isa = PBXGroup;
			children = (
				23D3B6D820C0791700495A13 /* Movie Search */,
				23D3B6D720C0791700495A13 /* Products */,
			);
			sourceTree = "<group>";
		};
		23D3B6D720C0791700495A13 /* Products */ = {
			isa = PBXGroup;
			children = (
				23D3B6D620C0791700495A13 /* Movie Search.app */,
			);
			name = Products;
			sourceTree = "<group>";
		};
		23D3B6D820C0791700495A13 /* Movie Search */ = {
			isa = PBXGroup;
			children = (
				23D3B6D920C0791700495A13 /* AppDelegate.swift */,
				23D3B6EB20C07C6000495A13 /* MovieResults.swift */,
				23D3B6ED20C07F7500495A13 /* Search.swift */,
				2303DD1020C54F0A00830261 /* LoadingCell.xib */,
				23E6365320C4034F00323D30 /* UIImageView+Downloading.swift */,
				23D3B6EF20C084CB00495A13 /* MovieCell.xib */,
				23D3B6F320C09D3200495A13 /* MovieCell.swift */,
				23D3B6DB20C0791700495A13 /* SearchViewController.swift */,
				922D3E8D214BAFBB00BFE37B /* Genre.swift */,
				922D3E8F214BAFBB00BFE37B /* ListViewController.swift */,
				922D3E90214BAFBB00BFE37B /* MovieResultsByGenre.swift */,
				922D3E91214BAFBB00BFE37B /* SearchByGenre.swift */,
				922D3E8E214BAFBB00BFE37B /* SearchGenre.swift */,
				2303DD0E20C5430000830261 /* NothingFound.xib */,
				23D3B6DD20C0791700495A13 /* Main.storyboard */,
				23E6365520C420A900323D30 /* DetailViewController.swift */,
				23D3B6E020C0791800495A13 /* Assets.xcassets */,
				23D3B6E220C0791800495A13 /* LaunchScreen.storyboard */,
				23D3B6E520C0791800495A13 /* Info.plist */,
				2371992E20C88FB700DE07DC /* DateFormatter.swift */,
			);
			path = "Movie Search";
			sourceTree = "<group>";
		};
/* End PBXGroup section */

/* Begin PBXNativeTarget section */
		23D3B6D520C0791700495A13 /* Movie Search */ = {
			isa = PBXNativeTarget;
			buildConfigurationList = 23D3B6E820C0791800495A13 /* Build configuration list for PBXNativeTarget "Movie Search" */;
			buildPhases = (
				23D3B6D220C0791700495A13 /* Sources */,
				23D3B6D320C0791700495A13 /* Frameworks */,
				23D3B6D420C0791700495A13 /* Resources */,
			);
			buildRules = (
			);
			dependencies = (
			);
			name = "Movie Search";
			productName = "Movie Search";
			productReference = 23D3B6D620C0791700495A13 /* Movie Search.app */;
			productType = "com.apple.product-type.application";
		};
/* End PBXNativeTarget section */

/* Begin PBXProject section */
		23D3B6CE20C0791700495A13 /* Project object */ = {
			isa = PBXProject;
			attributes = {
				LastSwiftUpdateCheck = 0930;
				LastUpgradeCheck = 0930;
				ORGANIZATIONNAME = "Sedef Budak";
				TargetAttributes = {
					23D3B6D520C0791700495A13 = {
						CreatedOnToolsVersion = 9.3.1;
					};
				};
			};
			buildConfigurationList = 23D3B6D120C0791700495A13 /* Build configuration list for PBXProject "Movie Search" */;
			compatibilityVersion = "Xcode 9.3";
			developmentRegion = en;
			hasScannedForEncodings = 0;
			knownRegions = (
				en,
				Base,
			);
			mainGroup = 23D3B6CD20C0791700495A13;
			productRefGroup = 23D3B6D720C0791700495A13 /* Products */;
			projectDirPath = "";
			projectRoot = "";
			targets = (
				23D3B6D520C0791700495A13 /* Movie Search */,
			);
		};
/* End PBXProject section */

/* Begin PBXResourcesBuildPhase section */
		23D3B6D420C0791700495A13 /* Resources */ = {
			isa = PBXResourcesBuildPhase;
			buildActionMask = 2147483647;
			files = (
				23D3B6E420C0791800495A13 /* LaunchScreen.storyboard in Resources */,
				2303DD0F20C5430000830261 /* NothingFound.xib in Resources */,
				2303DD1120C54F0A00830261 /* LoadingCell.xib in Resources */,
				23D3B6E120C0791800495A13 /* Assets.xcassets in Resources */,
				23D3B6F020C084CB00495A13 /* MovieCell.xib in Resources */,
				23D3B6DF20C0791700495A13 /* Main.storyboard in Resources */,
			);
			runOnlyForDeploymentPostprocessing = 0;
		};
/* End PBXResourcesBuildPhase section */

/* Begin PBXSourcesBuildPhase section */
		23D3B6D220C0791700495A13 /* Sources */ = {
			isa = PBXSourcesBuildPhase;
			buildActionMask = 2147483647;
			files = (
				922D3E92214BAFBB00BFE37B /* Genre.swift in Sources */,
				2371992F20C88FB700DE07DC /* DateFormatter.swift in Sources */,
				23D3B6DC20C0791700495A13 /* SearchViewController.swift in Sources */,
				23D3B6EE20C07F7500495A13 /* Search.swift in Sources */,
				23D3B6EC20C07C6000495A13 /* MovieResults.swift in Sources */,
				922D3E94214BAFBB00BFE37B /* ListViewController.swift in Sources */,
				922D3E95214BAFBB00BFE37B /* MovieResultsByGenre.swift in Sources */,
				23D3B6F420C09D3200495A13 /* MovieCell.swift in Sources */,
				23D3B6DA20C0791700495A13 /* AppDelegate.swift in Sources */,
				23E6365420C4034F00323D30 /* UIImageView+Downloading.swift in Sources */,
				23E6365620C420A900323D30 /* DetailViewController.swift in Sources */,
				922D3E96214BAFBB00BFE37B /* SearchByGenre.swift in Sources */,
				922D3E93214BAFBB00BFE37B /* SearchGenre.swift in Sources */,
			);
			runOnlyForDeploymentPostprocessing = 0;
		};
/* End PBXSourcesBuildPhase section */

/* Begin PBXVariantGroup section */
		23D3B6DD20C0791700495A13 /* Main.storyboard */ = {
			isa = PBXVariantGroup;
			children = (
				23D3B6DE20C0791700495A13 /* Base */,
			);
			name = Main.storyboard;
			sourceTree = "<group>";
		};
		23D3B6E220C0791800495A13 /* LaunchScreen.storyboard */ = {
			isa = PBXVariantGroup;
			children = (
				23D3B6E320C0791800495A13 /* Base */,
			);
			name = LaunchScreen.storyboard;
			sourceTree = "<group>";
		};
/* End PBXVariantGroup section */

/* Begin XCBuildConfiguration section */
		23D3B6E620C0791800495A13 /* Debug */ = {
			isa = XCBuildConfiguration;
			buildSettings = {
				ALWAYS_SEARCH_USER_PATHS = NO;
				CLANG_ANALYZER_NONNULL = YES;
				CLANG_ANALYZER_NUMBER_OBJECT_CONVERSION = YES_AGGRESSIVE;
				CLANG_CXX_LANGUAGE_STANDARD = "gnu++14";
				CLANG_CXX_LIBRARY = "libc++";
				CLANG_ENABLE_MODULES = YES;
				CLANG_ENABLE_OBJC_ARC = YES;
				CLANG_ENABLE_OBJC_WEAK = YES;
				CLANG_WARN_BLOCK_CAPTURE_AUTORELEASING = YES;
				CLANG_WARN_BOOL_CONVERSION = YES;
				CLANG_WARN_COMMA = YES;
				CLANG_WARN_CONSTANT_CONVERSION = YES;
				CLANG_WARN_DEPRECATED_OBJC_IMPLEMENTATIONS = YES;
				CLANG_WARN_DIRECT_OBJC_ISA_USAGE = YES_ERROR;
				CLANG_WARN_DOCUMENTATION_COMMENTS = YES;
				CLANG_WARN_EMPTY_BODY = YES;
				CLANG_WARN_ENUM_CONVERSION = YES;
				CLANG_WARN_INFINITE_RECURSION = YES;
				CLANG_WARN_INT_CONVERSION = YES;
				CLANG_WARN_NON_LITERAL_NULL_CONVERSION = YES;
				CLANG_WARN_OBJC_IMPLICIT_RETAIN_SELF = YES;
				CLANG_WARN_OBJC_LITERAL_CONVERSION = YES;
				CLANG_WARN_OBJC_ROOT_CLASS = YES_ERROR;
				CLANG_WARN_RANGE_LOOP_ANALYSIS = YES;
				CLANG_WARN_STRICT_PROTOTYPES = YES;
				CLANG_WARN_SUSPICIOUS_MOVE = YES;
				CLANG_WARN_UNGUARDED_AVAILABILITY = YES_AGGRESSIVE;
				CLANG_WARN_UNREACHABLE_CODE = YES;
				CLANG_WARN__DUPLICATE_METHOD_MATCH = YES;
				CODE_SIGN_IDENTITY = "iPhone Developer";
				COPY_PHASE_STRIP = NO;
				DEBUG_INFORMATION_FORMAT = dwarf;
				ENABLE_STRICT_OBJC_MSGSEND = YES;
				ENABLE_TESTABILITY = YES;
				GCC_C_LANGUAGE_STANDARD = gnu11;
				GCC_DYNAMIC_NO_PIC = NO;
				GCC_NO_COMMON_BLOCKS = YES;
				GCC_OPTIMIZATION_LEVEL = 0;
				GCC_PREPROCESSOR_DEFINITIONS = (
					"DEBUG=1",
					"$(inherited)",
				);
				GCC_WARN_64_TO_32_BIT_CONVERSION = YES;
				GCC_WARN_ABOUT_RETURN_TYPE = YES_ERROR;
				GCC_WARN_UNDECLARED_SELECTOR = YES;
				GCC_WARN_UNINITIALIZED_AUTOS = YES_AGGRESSIVE;
				GCC_WARN_UNUSED_FUNCTION = YES;
				GCC_WARN_UNUSED_VARIABLE = YES;
				IPHONEOS_DEPLOYMENT_TARGET = 11.3;
				MTL_ENABLE_DEBUG_INFO = YES;
				ONLY_ACTIVE_ARCH = YES;
				SDKROOT = iphoneos;
				SWIFT_ACTIVE_COMPILATION_CONDITIONS = DEBUG;
				SWIFT_OPTIMIZATION_LEVEL = "-Onone";
			};
			name = Debug;
		};
		23D3B6E720C0791800495A13 /* Release */ = {
			isa = XCBuildConfiguration;
			buildSettings = {
				ALWAYS_SEARCH_USER_PATHS = NO;
				CLANG_ANALYZER_NONNULL = YES;
				CLANG_ANALYZER_NUMBER_OBJECT_CONVERSION = YES_AGGRESSIVE;
				CLANG_CXX_LANGUAGE_STANDARD = "gnu++14";
				CLANG_CXX_LIBRARY = "libc++";
				CLANG_ENABLE_MODULES = YES;
				CLANG_ENABLE_OBJC_ARC = YES;
				CLANG_ENABLE_OBJC_WEAK = YES;
				CLANG_WARN_BLOCK_CAPTURE_AUTORELEASING = YES;
				CLANG_WARN_BOOL_CONVERSION = YES;
				CLANG_WARN_COMMA = YES;
				CLANG_WARN_CONSTANT_CONVERSION = YES;
				CLANG_WARN_DEPRECATED_OBJC_IMPLEMENTATIONS = YES;
				CLANG_WARN_DIRECT_OBJC_ISA_USAGE = YES_ERROR;
				CLANG_WARN_DOCUMENTATION_COMMENTS = YES;
				CLANG_WARN_EMPTY_BODY = YES;
				CLANG_WARN_ENUM_CONVERSION = YES;
				CLANG_WARN_INFINITE_RECURSION = YES;
				CLANG_WARN_INT_CONVERSION = YES;
				CLANG_WARN_NON_LITERAL_NULL_CONVERSION = YES;
				CLANG_WARN_OBJC_IMPLICIT_RETAIN_SELF = YES;
				CLANG_WARN_OBJC_LITERAL_CONVERSION = YES;
				CLANG_WARN_OBJC_ROOT_CLASS = YES_ERROR;
				CLANG_WARN_RANGE_LOOP_ANALYSIS = YES;
				CLANG_WARN_STRICT_PROTOTYPES = YES;
				CLANG_WARN_SUSPICIOUS_MOVE = YES;
				CLANG_WARN_UNGUARDED_AVAILABILITY = YES_AGGRESSIVE;
				CLANG_WARN_UNREACHABLE_CODE = YES;
				CLANG_WARN__DUPLICATE_METHOD_MATCH = YES;
				CODE_SIGN_IDENTITY = "iPhone Developer";
				COPY_PHASE_STRIP = NO;
				DEBUG_INFORMATION_FORMAT = "dwarf-with-dsym";
				ENABLE_NS_ASSERTIONS = NO;
				ENABLE_STRICT_OBJC_MSGSEND = YES;
				GCC_C_LANGUAGE_STANDARD = gnu11;
				GCC_NO_COMMON_BLOCKS = YES;
				GCC_WARN_64_TO_32_BIT_CONVERSION = YES;
				GCC_WARN_ABOUT_RETURN_TYPE = YES_ERROR;
				GCC_WARN_UNDECLARED_SELECTOR = YES;
				GCC_WARN_UNINITIALIZED_AUTOS = YES_AGGRESSIVE;
				GCC_WARN_UNUSED_FUNCTION = YES;
				GCC_WARN_UNUSED_VARIABLE = YES;
				IPHONEOS_DEPLOYMENT_TARGET = 11.3;
				MTL_ENABLE_DEBUG_INFO = NO;
				SDKROOT = iphoneos;
				SWIFT_COMPILATION_MODE = wholemodule;
				SWIFT_OPTIMIZATION_LEVEL = "-O";
				VALIDATE_PRODUCT = YES;
			};
			name = Release;
		};
		23D3B6E920C0791800495A13 /* Debug */ = {
			isa = XCBuildConfiguration;
			buildSettings = {
				ASSETCATALOG_COMPILER_APPICON_NAME = AppIcon;
				CODE_SIGN_STYLE = Automatic;
				DEVELOPMENT_TEAM = 2J6Y4VBRMF;
				INFOPLIST_FILE = "Movie Search/Info.plist";
				LD_RUNPATH_SEARCH_PATHS = (
					"$(inherited)",
					"@executable_path/Frameworks",
				);
				PRODUCT_BUNDLE_IDENTIFIER = "com.sedefbudak.Movie-Search";
				PRODUCT_NAME = "$(TARGET_NAME)";
				SWIFT_VERSION = 4.0;
				TARGETED_DEVICE_FAMILY = "1,2";
			};
			name = Debug;
		};
		23D3B6EA20C0791800495A13 /* Release */ = {
			isa = XCBuildConfiguration;
			buildSettings = {
				ASSETCATALOG_COMPILER_APPICON_NAME = AppIcon;
				CODE_SIGN_STYLE = Automatic;
				DEVELOPMENT_TEAM = 2J6Y4VBRMF;
				INFOPLIST_FILE = "Movie Search/Info.plist";
				LD_RUNPATH_SEARCH_PATHS = (
					"$(inherited)",
					"@executable_path/Frameworks",
				);
				PRODUCT_BUNDLE_IDENTIFIER = "com.sedefbudak.Movie-Search";
				PRODUCT_NAME = "$(TARGET_NAME)";
				SWIFT_VERSION = 4.0;
				TARGETED_DEVICE_FAMILY = "1,2";
			};
			name = Release;
		};
/* End XCBuildConfiguration section */

/* Begin XCConfigurationList section */
		23D3B6D120C0791700495A13 /* Build configuration list for PBXProject "Movie Search" */ = {
			isa = XCConfigurationList;
			buildConfigurations = (
				23D3B6E620C0791800495A13 /* Debug */,
				23D3B6E720C0791800495A13 /* Release */,
			);
			defaultConfigurationIsVisible = 0;
			defaultConfigurationName = Release;
		};
		23D3B6E820C0791800495A13 /* Build configuration list for PBXNativeTarget "Movie Search" */ = {
			isa = XCConfigurationList;
			buildConfigurations = (
				23D3B6E920C0791800495A13 /* Debug */,
				23D3B6EA20C0791800495A13 /* Release */,
			);
			defaultConfigurationIsVisible = 0;
			defaultConfigurationName = Release;
		};
/* End XCConfigurationList section */
	};
	rootObject = 23D3B6CE20C0791700495A13 /* Project object */;
}
